
Microsoft Visual Studio Solution File, Format Version 12.00
# Visual Studio Version 17
VisualStudioVersion = 17.9.34622.214
MinimumVisualStudioVersion = 10.0.40219.1
Project("{FAE04EC0-301F-11D3-BF4B-00C04F79EFBC}") = "AuthApp", "AuthApp\AuthApp.csproj", "{F052FEDC-52A2-41E6-A019-4C75A6B39241}"
EndProject
Global
	GlobalSection(SolutionConfigurationPlatforms) = preSolution
		Debug|Any CPU = Debug|Any CPU
		Release|Any CPU = Release|Any CPU
	EndGlobalSection
	GlobalSection(ProjectConfigurationPlatforms) = postSolution
		{F052FEDC-52A2-41E6-A019-4C75A6B39241}.Debug|Any CPU.ActiveCfg = Debug|Any CPU
		{F052FEDC-52A2-41E6-A019-4C75A6B39241}.Debug|Any CPU.Build.0 = Debug|Any CPU
		{F052FEDC-52A2-41E6-A019-4C75A6B39241}.Release|Any CPU.ActiveCfg = Release|Any CPU
		{F052FEDC-52A2-41E6-A019-4C75A6B39241}.Release|Any CPU.Build.0 = Release|Any CPU
	EndGlobalSection
	GlobalSection(SolutionProperties) = preSolution
		HideSolutionNode = FALSE
	EndGlobalSection
	GlobalSection(ExtensibilityGlobals) = postSolution
		SolutionGuid = {3E2A91F8-C126-4890-8081-FBC96C51DB32}
	EndGlobalSection
EndGlobal
