
Microsoft Visual Studio Solution File, Format Version 12.00
# Visual Studio Version 17
VisualStudioVersion = 17.9.34622.214
MinimumVisualStudioVersion = 10.0.40219.1
Project("{9A19103F-16F7-4668-BE54-9A1E7A4F7556}") = "AuthApp", "AuthApp\AuthApp.csproj", "{F052FEDC-52A2-41E6-A019-4C75A6B39241}"
EndProject
Project("{9A19103F-16F7-4668-BE54-9A1E7A4F7556}") = "AuthApp.Domain", "AuthApp.Domain\AuthApp.Domain.csproj", "{96715323-9B2E-478C-B34C-373935DABB4E}"
EndProject
Project("{9A19103F-16F7-4668-BE54-9A1E7A4F7556}") = "AuthApp.Persistance", "AuthApp.Persistance\AuthApp.Persistance.csproj", "{F40594A7-03DE-4C03-858D-4D5BD399BD94}"
EndProject
Global
	GlobalSection(SolutionConfigurationPlatforms) = preSolution
		Debug|Any CPU = Debug|Any CPU
		Release|Any CPU = Release|Any CPU
	EndGlobalSection
	GlobalSection(ProjectConfigurationPlatforms) = postSolution
		{F052FEDC-52A2-41E6-A019-4C75A6B39241}.Debug|Any CPU.ActiveCfg = Debug|Any CPU
		{F052FEDC-52A2-41E6-A019-4C75A6B39241}.Debug|Any CPU.Build.0 = Debug|Any CPU
		{F052FEDC-52A2-41E6-A019-4C75A6B39241}.Release|Any CPU.ActiveCfg = Release|Any CPU
		{F052FEDC-52A2-41E6-A019-4C75A6B39241}.Release|Any CPU.Build.0 = Release|Any CPU
		{96715323-9B2E-478C-B34C-373935DABB4E}.Debug|Any CPU.ActiveCfg = Debug|Any CPU
		{96715323-9B2E-478C-B34C-373935DABB4E}.Debug|Any CPU.Build.0 = Debug|Any CPU
		{96715323-9B2E-478C-B34C-373935DABB4E}.Release|Any CPU.ActiveCfg = Release|Any CPU
		{96715323-9B2E-478C-B34C-373935DABB4E}.Release|Any CPU.Build.0 = Release|Any CPU
		{F40594A7-03DE-4C03-858D-4D5BD399BD94}.Debug|Any CPU.ActiveCfg = Debug|Any CPU
		{F40594A7-03DE-4C03-858D-4D5BD399BD94}.Debug|Any CPU.Build.0 = Debug|Any CPU
		{F40594A7-03DE-4C03-858D-4D5BD399BD94}.Release|Any CPU.ActiveCfg = Release|Any CPU
		{F40594A7-03DE-4C03-858D-4D5BD399BD94}.Release|Any CPU.Build.0 = Release|Any CPU
	EndGlobalSection
	GlobalSection(SolutionProperties) = preSolution
		HideSolutionNode = FALSE
	EndGlobalSection
	GlobalSection(ExtensibilityGlobals) = postSolution
		SolutionGuid = {3E2A91F8-C126-4890-8081-FBC96C51DB32}
	EndGlobalSection
EndGlobal
